
Microsoft Visual Studio Solution File, Format Version 12.00
# Visual Studio Version 17
VisualStudioVersion = 17.7.34302.85
MinimumVisualStudioVersion = 10.0.40219.1
Project("{FAE04EC0-301F-11D3-BF4B-00C04F79EFBC}") = "EmpSqlTask", "EmpSqlTask\EmpSqlTask.csproj", "{F5EA68DC-421D-4B7D-96D8-77A1D2400289}"
EndProject
Global
	GlobalSection(SolutionConfigurationPlatforms) = preSolution
		Debug|Any CPU = Debug|Any CPU
		Release|Any CPU = Release|Any CPU
	EndGlobalSection
	GlobalSection(ProjectConfigurationPlatforms) = postSolution
		{F5EA68DC-421D-4B7D-96D8-77A1D2400289}.Debug|Any CPU.ActiveCfg = Debug|Any CPU
		{F5EA68DC-421D-4B7D-96D8-77A1D2400289}.Debug|Any CPU.Build.0 = Debug|Any CPU
		{F5EA68DC-421D-4B7D-96D8-77A1D2400289}.Release|Any CPU.ActiveCfg = Release|Any CPU
		{F5EA68DC-421D-4B7D-96D8-77A1D2400289}.Release|Any CPU.Build.0 = Release|Any CPU
	EndGlobalSection
	GlobalSection(SolutionProperties) = preSolution
		HideSolutionNode = FALSE
	EndGlobalSection
	GlobalSection(ExtensibilityGlobals) = postSolution
		SolutionGuid = {8EB36F4E-CC1F-45C7-B660-7C8B4A1A8C45}
	EndGlobalSection
EndGlobal
